// !$*UTF8*$!
{
	archiveVersion = 1;
	classes = {
	};
	objectVersion = 50;
	objects = {

/* Begin PBXBuildFile section */
		715156505A33D20DCE6075AD /* Pods_HealthApp.framework in Frameworks */ = {isa = PBXBuildFile; fileRef = 68DCA791CD6C0E23CD2AFD43 /* Pods_HealthApp.framework */; };
		B32B68E122E3E630005BE762 /* GoogleService-Info.plist in Resources */ = {isa = PBXBuildFile; fileRef = B32B68E022E3E630005BE762 /* GoogleService-Info.plist */; };
		B32B68E522E3EF0F005BE762 /* RegisterViewController.swift in Sources */ = {isa = PBXBuildFile; fileRef = B32B68E222E3EF06005BE762 /* RegisterViewController.swift */; };
		B32B68E622E3EF0F005BE762 /* LoginViewController.swift in Sources */ = {isa = PBXBuildFile; fileRef = B32B68E322E3EF0A005BE762 /* LoginViewController.swift */; };
		B32B68E722E3EF0F005BE762 /* InitialViewController.swift in Sources */ = {isa = PBXBuildFile; fileRef = B32B68E422E3EF0E005BE762 /* InitialViewController.swift */; };
		B32B690422E3EF95005BE762 /* Doctor.swift in Sources */ = {isa = PBXBuildFile; fileRef = B32B68E922E3EF95005BE762 /* Doctor.swift */; };
		B32B690522E3EF95005BE762 /* Patient.swift in Sources */ = {isa = PBXBuildFile; fileRef = B32B68EA22E3EF95005BE762 /* Patient.swift */; };
		B32B690622E3EF95005BE762 /* Appointment.swift in Sources */ = {isa = PBXBuildFile; fileRef = B32B68EB22E3EF95005BE762 /* Appointment.swift */; };
		B32B690822E3EF95005BE762 /* ProfileTableViewCell.swift in Sources */ = {isa = PBXBuildFile; fileRef = B32B68EE22E3EF95005BE762 /* ProfileTableViewCell.swift */; };
		B32B690922E3EF95005BE762 /* PlaceholderTableViewCell.swift in Sources */ = {isa = PBXBuildFile; fileRef = B32B68EF22E3EF95005BE762 /* PlaceholderTableViewCell.swift */; };
		B32B690A22E3EF95005BE762 /* ButtonCardTableViewCell.swift in Sources */ = {isa = PBXBuildFile; fileRef = B32B68F022E3EF95005BE762 /* ButtonCardTableViewCell.swift */; };
		B32B690C22E3EF95005BE762 /* CardTableViewCell.swift in Sources */ = {isa = PBXBuildFile; fileRef = B32B68F222E3EF95005BE762 /* CardTableViewCell.swift */; };
		B32B690D22E3EF95005BE762 /* ImageTableViewCell.swift in Sources */ = {isa = PBXBuildFile; fileRef = B32B68F322E3EF95005BE762 /* ImageTableViewCell.swift */; };
		B32B690E22E3EF95005BE762 /* AppointmentTableViewCell.swift in Sources */ = {isa = PBXBuildFile; fileRef = B32B68F422E3EF95005BE762 /* AppointmentTableViewCell.swift */; };
		B32B690F22E3EF95005BE762 /* PickerTableViewCell.swift in Sources */ = {isa = PBXBuildFile; fileRef = B32B68F522E3EF95005BE762 /* PickerTableViewCell.swift */; };
		B32B691022E3EF95005BE762 /* DoctorProfileTableViewCell.swift in Sources */ = {isa = PBXBuildFile; fileRef = B32B68F622E3EF95005BE762 /* DoctorProfileTableViewCell.swift */; };
		B32B691122E3EF95005BE762 /* RecordMainTableViewCell.swift in Sources */ = {isa = PBXBuildFile; fileRef = B32B68F722E3EF95005BE762 /* RecordMainTableViewCell.swift */; };
		B32B691222E3EF95005BE762 /* CollectionViewTableViewCell.swift in Sources */ = {isa = PBXBuildFile; fileRef = B32B68F822E3EF95005BE762 /* CollectionViewTableViewCell.swift */; };
		B32B691322E3EF95005BE762 /* IngredientTableViewCell.swift in Sources */ = {isa = PBXBuildFile; fileRef = B32B68F922E3EF95005BE762 /* IngredientTableViewCell.swift */; };
		B32B691422E3EF95005BE762 /* ContactTableViewCell.swift in Sources */ = {isa = PBXBuildFile; fileRef = B32B68FA22E3EF95005BE762 /* ContactTableViewCell.swift */; };
		B32B691522E3EF95005BE762 /* DataCollectionViewCell.swift in Sources */ = {isa = PBXBuildFile; fileRef = B32B68FB22E3EF95005BE762 /* DataCollectionViewCell.swift */; };
		B32B691622E3EF95005BE762 /* CloseTableViewCell.swift in Sources */ = {isa = PBXBuildFile; fileRef = B32B68FC22E3EF95005BE762 /* CloseTableViewCell.swift */; };
		B32B691722E3EF95005BE762 /* AppointmentInformationTableViewCell.swift in Sources */ = {isa = PBXBuildFile; fileRef = B32B68FD22E3EF95005BE762 /* AppointmentInformationTableViewCell.swift */; };
		B32B691822E3EF95005BE762 /* TableItemCardTableViewCell.swift in Sources */ = {isa = PBXBuildFile; fileRef = B32B68FE22E3EF95005BE762 /* TableItemCardTableViewCell.swift */; };
		B32B691922E3EF95005BE762 /* TextFieldTableViewCell.swift in Sources */ = {isa = PBXBuildFile; fileRef = B32B68FF22E3EF95005BE762 /* TextFieldTableViewCell.swift */; };
		B32B691A22E3EF95005BE762 /* AuthService.swift in Sources */ = {isa = PBXBuildFile; fileRef = B32B690022E3EF95005BE762 /* AuthService.swift */; };
		B32B691B22E3EF95005BE762 /* HealthKitService.swift in Sources */ = {isa = PBXBuildFile; fileRef = B32B690122E3EF95005BE762 /* HealthKitService.swift */; };
		B32B691C22E3EF95005BE762 /* HealthDataType.swift in Sources */ = {isa = PBXBuildFile; fileRef = B32B690222E3EF95005BE762 /* HealthDataType.swift */; };
		B32B691D22E3EF95005BE762 /* DatabaseService.swift in Sources */ = {isa = PBXBuildFile; fileRef = B32B690322E3EF95005BE762 /* DatabaseService.swift */; };
		B32B692122E3F366005BE762 /* NoteTableViewCell.swift in Sources */ = {isa = PBXBuildFile; fileRef = B32B692022E3F366005BE762 /* NoteTableViewCell.swift */; };
		B341EE1522D432BD002F96BC /* MyPatientsViewController.swift in Sources */ = {isa = PBXBuildFile; fileRef = B341EE1422D432BD002F96BC /* MyPatientsViewController.swift */; };
		B341EE1722D432D0002F96BC /* PatientTableViewCell.swift in Sources */ = {isa = PBXBuildFile; fileRef = B341EE1622D432D0002F96BC /* PatientTableViewCell.swift */; };
		B341EE1D22D43F8C002F96BC /* RecordViewController.swift in Sources */ = {isa = PBXBuildFile; fileRef = B341EE1B22D43F8C002F96BC /* RecordViewController.swift */; };
		B3BD761A22D3BD7100B9A9E9 /* AppDelegate.swift in Sources */ = {isa = PBXBuildFile; fileRef = B3BD761922D3BD7100B9A9E9 /* AppDelegate.swift */; };
		B3BD761C22D3BD7100B9A9E9 /* ViewController.swift in Sources */ = {isa = PBXBuildFile; fileRef = B3BD761B22D3BD7100B9A9E9 /* ViewController.swift */; };
		B3BD761F22D3BD7100B9A9E9 /* Main.storyboard in Resources */ = {isa = PBXBuildFile; fileRef = B3BD761D22D3BD7100B9A9E9 /* Main.storyboard */; };
		B3BD762122D3BD8600B9A9E9 /* Assets.xcassets in Resources */ = {isa = PBXBuildFile; fileRef = B3BD762022D3BD8600B9A9E9 /* Assets.xcassets */; };
		B3BD762422D3BD8600B9A9E9 /* LaunchScreen.storyboard in Resources */ = {isa = PBXBuildFile; fileRef = B3BD762222D3BD8600B9A9E9 /* LaunchScreen.storyboard */; };
		B3BD762C22D3C4CC00B9A9E9 /* Util.swift in Sources */ = {isa = PBXBuildFile; fileRef = B3BD762B22D3C4CC00B9A9E9 /* Util.swift */; };
		B3BD762E22D3C62500B9A9E9 /* MainPageViewController.swift in Sources */ = {isa = PBXBuildFile; fileRef = B3BD762D22D3C62500B9A9E9 /* MainPageViewController.swift */; };
		B3BD763022D3C69C00B9A9E9 /* MainTableViewCell.swift in Sources */ = {isa = PBXBuildFile; fileRef = B3BD762F22D3C69C00B9A9E9 /* MainTableViewCell.swift */; };
		B3BD763222D3C6D300B9A9E9 /* PatientCollectionViewCell.swift in Sources */ = {isa = PBXBuildFile; fileRef = B3BD763122D3C6D300B9A9E9 /* PatientCollectionViewCell.swift */; };
		B3BD763422D3C71100B9A9E9 /* SecondaryTableViewCell.swift in Sources */ = {isa = PBXBuildFile; fileRef = B3BD763322D3C71100B9A9E9 /* SecondaryTableViewCell.swift */; };
		B3BD763622D3D8BD00B9A9E9 /* InformationTableViewCell.swift in Sources */ = {isa = PBXBuildFile; fileRef = B3BD763522D3D8BD00B9A9E9 /* InformationTableViewCell.swift */; };
		B3BD763822D3E74B00B9A9E9 /* PatientProfileViewController.swift in Sources */ = {isa = PBXBuildFile; fileRef = B3BD763722D3E74B00B9A9E9 /* PatientProfileViewController.swift */; };
		B3BD763A22D3E93600B9A9E9 /* InfoTableViewCell.swift in Sources */ = {isa = PBXBuildFile; fileRef = B3BD763922D3E93600B9A9E9 /* InfoTableViewCell.swift */; };
		B3ECEB9C22D506D60070A5FE /* CalendarViewController.swift in Sources */ = {isa = PBXBuildFile; fileRef = B3ECEB9B22D506D60070A5FE /* CalendarViewController.swift */; };
		B3ECEB9F22D5077B0070A5FE /* CalendarDayCell.swift in Sources */ = {isa = PBXBuildFile; fileRef = B3ECEB9D22D5077B0070A5FE /* CalendarDayCell.swift */; };
		B3ECEBA222D508B20070A5FE /* AppointmentViewController.swift in Sources */ = {isa = PBXBuildFile; fileRef = B3ECEBA122D508B20070A5FE /* AppointmentViewController.swift */; };
		B3F4361222D42F1E00036EEC /* BasicBigTableViewCell.swift in Sources */ = {isa = PBXBuildFile; fileRef = B3F4361122D42F1E00036EEC /* BasicBigTableViewCell.swift */; };
/* End PBXBuildFile section */

/* Begin PBXFileReference section */
		126C07DDDCCE2DD740B00D61 /* Pods-HealthApp.release.xcconfig */ = {isa = PBXFileReference; includeInIndex = 1; lastKnownFileType = text.xcconfig; name = "Pods-HealthApp.release.xcconfig"; path = "Pods/Target Support Files/Pods-HealthApp/Pods-HealthApp.release.xcconfig"; sourceTree = "<group>"; };
		68DCA791CD6C0E23CD2AFD43 /* Pods_HealthApp.framework */ = {isa = PBXFileReference; explicitFileType = wrapper.framework; includeInIndex = 0; path = Pods_HealthApp.framework; sourceTree = BUILT_PRODUCTS_DIR; };
		B32B68E022E3E630005BE762 /* GoogleService-Info.plist */ = {isa = PBXFileReference; fileEncoding = 4; lastKnownFileType = text.plist.xml; path = "GoogleService-Info.plist"; sourceTree = "<group>"; };
		B32B68E222E3EF06005BE762 /* RegisterViewController.swift */ = {isa = PBXFileReference; fileEncoding = 4; lastKnownFileType = sourcecode.swift; path = RegisterViewController.swift; sourceTree = "<group>"; };
		B32B68E322E3EF0A005BE762 /* LoginViewController.swift */ = {isa = PBXFileReference; fileEncoding = 4; lastKnownFileType = sourcecode.swift; path = LoginViewController.swift; sourceTree = "<group>"; };
		B32B68E422E3EF0E005BE762 /* InitialViewController.swift */ = {isa = PBXFileReference; fileEncoding = 4; lastKnownFileType = sourcecode.swift; path = InitialViewController.swift; sourceTree = "<group>"; };
		B32B68E922E3EF95005BE762 /* Doctor.swift */ = {isa = PBXFileReference; fileEncoding = 4; lastKnownFileType = sourcecode.swift; path = Doctor.swift; sourceTree = "<group>"; };
		B32B68EA22E3EF95005BE762 /* Patient.swift */ = {isa = PBXFileReference; fileEncoding = 4; lastKnownFileType = sourcecode.swift; path = Patient.swift; sourceTree = "<group>"; };
		B32B68EB22E3EF95005BE762 /* Appointment.swift */ = {isa = PBXFileReference; fileEncoding = 4; lastKnownFileType = sourcecode.swift; path = Appointment.swift; sourceTree = "<group>"; };
		B32B68EE22E3EF95005BE762 /* ProfileTableViewCell.swift */ = {isa = PBXFileReference; fileEncoding = 4; lastKnownFileType = sourcecode.swift; path = ProfileTableViewCell.swift; sourceTree = "<group>"; };
		B32B68EF22E3EF95005BE762 /* PlaceholderTableViewCell.swift */ = {isa = PBXFileReference; fileEncoding = 4; lastKnownFileType = sourcecode.swift; path = PlaceholderTableViewCell.swift; sourceTree = "<group>"; };
		B32B68F022E3EF95005BE762 /* ButtonCardTableViewCell.swift */ = {isa = PBXFileReference; fileEncoding = 4; lastKnownFileType = sourcecode.swift; path = ButtonCardTableViewCell.swift; sourceTree = "<group>"; };
		B32B68F222E3EF95005BE762 /* CardTableViewCell.swift */ = {isa = PBXFileReference; fileEncoding = 4; lastKnownFileType = sourcecode.swift; path = CardTableViewCell.swift; sourceTree = "<group>"; };
		B32B68F322E3EF95005BE762 /* ImageTableViewCell.swift */ = {isa = PBXFileReference; fileEncoding = 4; lastKnownFileType = sourcecode.swift; path = ImageTableViewCell.swift; sourceTree = "<group>"; };
		B32B68F422E3EF95005BE762 /* AppointmentTableViewCell.swift */ = {isa = PBXFileReference; fileEncoding = 4; lastKnownFileType = sourcecode.swift; path = AppointmentTableViewCell.swift; sourceTree = "<group>"; };
		B32B68F522E3EF95005BE762 /* PickerTableViewCell.swift */ = {isa = PBXFileReference; fileEncoding = 4; lastKnownFileType = sourcecode.swift; path = PickerTableViewCell.swift; sourceTree = "<group>"; };
		B32B68F622E3EF95005BE762 /* DoctorProfileTableViewCell.swift */ = {isa = PBXFileReference; fileEncoding = 4; lastKnownFileType = sourcecode.swift; path = DoctorProfileTableViewCell.swift; sourceTree = "<group>"; };
		B32B68F722E3EF95005BE762 /* RecordMainTableViewCell.swift */ = {isa = PBXFileReference; fileEncoding = 4; lastKnownFileType = sourcecode.swift; path = RecordMainTableViewCell.swift; sourceTree = "<group>"; };
		B32B68F822E3EF95005BE762 /* CollectionViewTableViewCell.swift */ = {isa = PBXFileReference; fileEncoding = 4; lastKnownFileType = sourcecode.swift; path = CollectionViewTableViewCell.swift; sourceTree = "<group>"; };
		B32B68F922E3EF95005BE762 /* IngredientTableViewCell.swift */ = {isa = PBXFileReference; fileEncoding = 4; lastKnownFileType = sourcecode.swift; path = IngredientTableViewCell.swift; sourceTree = "<group>"; };
		B32B68FA22E3EF95005BE762 /* ContactTableViewCell.swift */ = {isa = PBXFileReference; fileEncoding = 4; lastKnownFileType = sourcecode.swift; path = ContactTableViewCell.swift; sourceTree = "<group>"; };
		B32B68FB22E3EF95005BE762 /* DataCollectionViewCell.swift */ = {isa = PBXFileReference; fileEncoding = 4; lastKnownFileType = sourcecode.swift; path = DataCollectionViewCell.swift; sourceTree = "<group>"; };
		B32B68FC22E3EF95005BE762 /* CloseTableViewCell.swift */ = {isa = PBXFileReference; fileEncoding = 4; lastKnownFileType = sourcecode.swift; path = CloseTableViewCell.swift; sourceTree = "<group>"; };
		B32B68FD22E3EF95005BE762 /* AppointmentInformationTableViewCell.swift */ = {isa = PBXFileReference; fileEncoding = 4; lastKnownFileType = sourcecode.swift; path = AppointmentInformationTableViewCell.swift; sourceTree = "<group>"; };
		B32B68FE22E3EF95005BE762 /* TableItemCardTableViewCell.swift */ = {isa = PBXFileReference; fileEncoding = 4; lastKnownFileType = sourcecode.swift; path = TableItemCardTableViewCell.swift; sourceTree = "<group>"; };
		B32B68FF22E3EF95005BE762 /* TextFieldTableViewCell.swift */ = {isa = PBXFileReference; fileEncoding = 4; lastKnownFileType = sourcecode.swift; path = TextFieldTableViewCell.swift; sourceTree = "<group>"; };
		B32B690022E3EF95005BE762 /* AuthService.swift */ = {isa = PBXFileReference; fileEncoding = 4; lastKnownFileType = sourcecode.swift; path = AuthService.swift; sourceTree = "<group>"; };
		B32B690122E3EF95005BE762 /* HealthKitService.swift */ = {isa = PBXFileReference; fileEncoding = 4; lastKnownFileType = sourcecode.swift; path = HealthKitService.swift; sourceTree = "<group>"; };
		B32B690222E3EF95005BE762 /* HealthDataType.swift */ = {isa = PBXFileReference; fileEncoding = 4; lastKnownFileType = sourcecode.swift; path = HealthDataType.swift; sourceTree = "<group>"; };
		B32B690322E3EF95005BE762 /* DatabaseService.swift */ = {isa = PBXFileReference; fileEncoding = 4; lastKnownFileType = sourcecode.swift; path = DatabaseService.swift; sourceTree = "<group>"; };
		B32B692022E3F366005BE762 /* NoteTableViewCell.swift */ = {isa = PBXFileReference; lastKnownFileType = sourcecode.swift; path = NoteTableViewCell.swift; sourceTree = "<group>"; };
		B341EE1422D432BD002F96BC /* MyPatientsViewController.swift */ = {isa = PBXFileReference; lastKnownFileType = sourcecode.swift; path = MyPatientsViewController.swift; sourceTree = "<group>"; };
		B341EE1622D432D0002F96BC /* PatientTableViewCell.swift */ = {isa = PBXFileReference; lastKnownFileType = sourcecode.swift; path = PatientTableViewCell.swift; sourceTree = "<group>"; };
		B341EE1B22D43F8C002F96BC /* RecordViewController.swift */ = {isa = PBXFileReference; fileEncoding = 4; lastKnownFileType = sourcecode.swift; path = RecordViewController.swift; sourceTree = "<group>"; };
		B3BD761622D3BD7100B9A9E9 /* HealthApp.app */ = {isa = PBXFileReference; explicitFileType = wrapper.application; includeInIndex = 0; path = HealthApp.app; sourceTree = BUILT_PRODUCTS_DIR; };
		B3BD761922D3BD7100B9A9E9 /* AppDelegate.swift */ = {isa = PBXFileReference; lastKnownFileType = sourcecode.swift; path = AppDelegate.swift; sourceTree = "<group>"; };
		B3BD761B22D3BD7100B9A9E9 /* ViewController.swift */ = {isa = PBXFileReference; lastKnownFileType = sourcecode.swift; path = ViewController.swift; sourceTree = "<group>"; };
		B3BD761E22D3BD7100B9A9E9 /* Base */ = {isa = PBXFileReference; lastKnownFileType = file.storyboard; name = Base; path = Base.lproj/Main.storyboard; sourceTree = "<group>"; };
		B3BD762022D3BD8600B9A9E9 /* Assets.xcassets */ = {isa = PBXFileReference; lastKnownFileType = folder.assetcatalog; path = Assets.xcassets; sourceTree = "<group>"; };
		B3BD762322D3BD8600B9A9E9 /* Base */ = {isa = PBXFileReference; lastKnownFileType = file.storyboard; name = Base; path = Base.lproj/LaunchScreen.storyboard; sourceTree = "<group>"; };
		B3BD762522D3BD8600B9A9E9 /* Info.plist */ = {isa = PBXFileReference; lastKnownFileType = text.plist.xml; path = Info.plist; sourceTree = "<group>"; };
		B3BD762B22D3C4CC00B9A9E9 /* Util.swift */ = {isa = PBXFileReference; fileEncoding = 4; lastKnownFileType = sourcecode.swift; path = Util.swift; sourceTree = "<group>"; };
		B3BD762D22D3C62500B9A9E9 /* MainPageViewController.swift */ = {isa = PBXFileReference; lastKnownFileType = sourcecode.swift; path = MainPageViewController.swift; sourceTree = "<group>"; };
		B3BD762F22D3C69C00B9A9E9 /* MainTableViewCell.swift */ = {isa = PBXFileReference; lastKnownFileType = sourcecode.swift; path = MainTableViewCell.swift; sourceTree = "<group>"; };
		B3BD763122D3C6D300B9A9E9 /* PatientCollectionViewCell.swift */ = {isa = PBXFileReference; lastKnownFileType = sourcecode.swift; path = PatientCollectionViewCell.swift; sourceTree = "<group>"; };
		B3BD763322D3C71100B9A9E9 /* SecondaryTableViewCell.swift */ = {isa = PBXFileReference; lastKnownFileType = sourcecode.swift; path = SecondaryTableViewCell.swift; sourceTree = "<group>"; };
		B3BD763522D3D8BD00B9A9E9 /* InformationTableViewCell.swift */ = {isa = PBXFileReference; lastKnownFileType = sourcecode.swift; path = InformationTableViewCell.swift; sourceTree = "<group>"; };
		B3BD763722D3E74B00B9A9E9 /* PatientProfileViewController.swift */ = {isa = PBXFileReference; lastKnownFileType = sourcecode.swift; path = PatientProfileViewController.swift; sourceTree = "<group>"; };
		B3BD763922D3E93600B9A9E9 /* InfoTableViewCell.swift */ = {isa = PBXFileReference; lastKnownFileType = sourcecode.swift; path = InfoTableViewCell.swift; sourceTree = "<group>"; };
		B3ECEB9B22D506D60070A5FE /* CalendarViewController.swift */ = {isa = PBXFileReference; fileEncoding = 4; lastKnownFileType = sourcecode.swift; path = CalendarViewController.swift; sourceTree = "<group>"; };
		B3ECEB9D22D5077B0070A5FE /* CalendarDayCell.swift */ = {isa = PBXFileReference; fileEncoding = 4; lastKnownFileType = sourcecode.swift; name = CalendarDayCell.swift; path = ../../Cell/CalendarDayCell.swift; sourceTree = "<group>"; };
		B3ECEBA122D508B20070A5FE /* AppointmentViewController.swift */ = {isa = PBXFileReference; fileEncoding = 4; lastKnownFileType = sourcecode.swift; path = AppointmentViewController.swift; sourceTree = "<group>"; };
		B3F4361122D42F1E00036EEC /* BasicBigTableViewCell.swift */ = {isa = PBXFileReference; lastKnownFileType = sourcecode.swift; path = BasicBigTableViewCell.swift; sourceTree = "<group>"; };
		B7A3377A0B4C8B4C1B16530C /* Pods-HealthApp.debug.xcconfig */ = {isa = PBXFileReference; includeInIndex = 1; lastKnownFileType = text.xcconfig; name = "Pods-HealthApp.debug.xcconfig"; path = "Pods/Target Support Files/Pods-HealthApp/Pods-HealthApp.debug.xcconfig"; sourceTree = "<group>"; };
/* End PBXFileReference section */

/* Begin PBXFrameworksBuildPhase section */
		B3BD761322D3BD7100B9A9E9 /* Frameworks */ = {
			isa = PBXFrameworksBuildPhase;
			buildActionMask = 2147483647;
			files = (
				715156505A33D20DCE6075AD /* Pods_HealthApp.framework in Frameworks */,
			);
			runOnlyForDeploymentPostprocessing = 0;
		};
/* End PBXFrameworksBuildPhase section */

/* Begin PBXGroup section */
		1700728BBA21BCDCCFADECAB /* Frameworks */ = {
			isa = PBXGroup;
			children = (
				68DCA791CD6C0E23CD2AFD43 /* Pods_HealthApp.framework */,
			);
			name = Frameworks;
			sourceTree = "<group>";
		};
		3C23C737F78B7102A45059D2 /* Pods */ = {
			isa = PBXGroup;
			children = (
				B7A3377A0B4C8B4C1B16530C /* Pods-HealthApp.debug.xcconfig */,
				126C07DDDCCE2DD740B00D61 /* Pods-HealthApp.release.xcconfig */,
			);
			name = Pods;
			sourceTree = "<group>";
		};
		B32B68E822E3EF95005BE762 /* Models */ = {
			isa = PBXGroup;
			children = (
				B32B68E922E3EF95005BE762 /* Doctor.swift */,
				B32B68EA22E3EF95005BE762 /* Patient.swift */,
				B32B68EB22E3EF95005BE762 /* Appointment.swift */,
				B32B690022E3EF95005BE762 /* AuthService.swift */,
				B32B690122E3EF95005BE762 /* HealthKitService.swift */,
				B32B690222E3EF95005BE762 /* HealthDataType.swift */,
				B32B690322E3EF95005BE762 /* DatabaseService.swift */,
				B32B68EC22E3EF95005BE762 /* Cell */,
			);
			path = Models;
			sourceTree = "<group>";
		};
		B32B68EC22E3EF95005BE762 /* Cell */ = {
			isa = PBXGroup;
			children = (
				B3ECEB9D22D5077B0070A5FE /* CalendarDayCell.swift */,
				B3F4361122D42F1E00036EEC /* BasicBigTableViewCell.swift */,
				B3BD763522D3D8BD00B9A9E9 /* InformationTableViewCell.swift */,
				B3BD763922D3E93600B9A9E9 /* InfoTableViewCell.swift */,
				B3BD763322D3C71100B9A9E9 /* SecondaryTableViewCell.swift */,
				B3BD762F22D3C69C00B9A9E9 /* MainTableViewCell.swift */,
				B3BD763122D3C6D300B9A9E9 /* PatientCollectionViewCell.swift */,
				B341EE1622D432D0002F96BC /* PatientTableViewCell.swift */,
				B32B68EE22E3EF95005BE762 /* ProfileTableViewCell.swift */,
				B32B68EF22E3EF95005BE762 /* PlaceholderTableViewCell.swift */,
				B32B68F022E3EF95005BE762 /* ButtonCardTableViewCell.swift */,
				B32B68F222E3EF95005BE762 /* CardTableViewCell.swift */,
				B32B68F322E3EF95005BE762 /* ImageTableViewCell.swift */,
				B32B68F422E3EF95005BE762 /* AppointmentTableViewCell.swift */,
				B32B68F522E3EF95005BE762 /* PickerTableViewCell.swift */,
				B32B68F622E3EF95005BE762 /* DoctorProfileTableViewCell.swift */,
				B32B68F722E3EF95005BE762 /* RecordMainTableViewCell.swift */,
				B32B68F822E3EF95005BE762 /* CollectionViewTableViewCell.swift */,
				B32B68F922E3EF95005BE762 /* IngredientTableViewCell.swift */,
				B32B68FA22E3EF95005BE762 /* ContactTableViewCell.swift */,
				B32B68FB22E3EF95005BE762 /* DataCollectionViewCell.swift */,
				B32B68FC22E3EF95005BE762 /* CloseTableViewCell.swift */,
				B32B68FD22E3EF95005BE762 /* AppointmentInformationTableViewCell.swift */,
				B32B68FE22E3EF95005BE762 /* TableItemCardTableViewCell.swift */,
				B32B68FF22E3EF95005BE762 /* TextFieldTableViewCell.swift */,
				B32B692022E3F366005BE762 /* NoteTableViewCell.swift */,
			);
			path = Cell;
			sourceTree = "<group>";
		};
		B341EE1922D43E21002F96BC /* ViewController */ = {
			isa = PBXGroup;
			children = (
				B3BD761B22D3BD7100B9A9E9 /* ViewController.swift */,
				B32B68E422E3EF0E005BE762 /* InitialViewController.swift */,
				B32B68E322E3EF0A005BE762 /* LoginViewController.swift */,
				B32B68E222E3EF06005BE762 /* RegisterViewController.swift */,
				B3ECEB9B22D506D60070A5FE /* CalendarViewController.swift */,
				B341EE1B22D43F8C002F96BC /* RecordViewController.swift */,
				B3BD763722D3E74B00B9A9E9 /* PatientProfileViewController.swift */,
				B3BD762D22D3C62500B9A9E9 /* MainPageViewController.swift */,
				B341EE1422D432BD002F96BC /* MyPatientsViewController.swift */,
				B3ECEBA122D508B20070A5FE /* AppointmentViewController.swift */,
			);
			path = ViewController;
			sourceTree = "<group>";
		};
		B3BD760D22D3BD7100B9A9E9 = {
			isa = PBXGroup;
			children = (
				B3BD761822D3BD7100B9A9E9 /* HealthApp */,
				B3BD761722D3BD7100B9A9E9 /* Products */,
				3C23C737F78B7102A45059D2 /* Pods */,
				1700728BBA21BCDCCFADECAB /* Frameworks */,
			);
			sourceTree = "<group>";
		};
		B3BD761722D3BD7100B9A9E9 /* Products */ = {
			isa = PBXGroup;
			children = (
				B3BD761622D3BD7100B9A9E9 /* HealthApp.app */,
			);
			name = Products;
			sourceTree = "<group>";
		};
		B3BD761822D3BD7100B9A9E9 /* HealthApp */ = {
			isa = PBXGroup;
			children = (
				B3BD761922D3BD7100B9A9E9 /* AppDelegate.swift */,
				B341EE1922D43E21002F96BC /* ViewController */,
				B32B68E822E3EF95005BE762 /* Models */,
				B3BD762B22D3C4CC00B9A9E9 /* Util.swift */,
				B3BD761D22D3BD7100B9A9E9 /* Main.storyboard */,
				B3BD762022D3BD8600B9A9E9 /* Assets.xcassets */,
				B3BD762222D3BD8600B9A9E9 /* LaunchScreen.storyboard */,
				B32B68E022E3E630005BE762 /* GoogleService-Info.plist */,
				B3BD762522D3BD8600B9A9E9 /* Info.plist */,
			);
			path = HealthApp;
			sourceTree = "<group>";
		};
/* End PBXGroup section */

/* Begin PBXNativeTarget section */
		B3BD761522D3BD7100B9A9E9 /* HealthApp */ = {
			isa = PBXNativeTarget;
			buildConfigurationList = B3BD762822D3BD8600B9A9E9 /* Build configuration list for PBXNativeTarget "HealthApp" */;
			buildPhases = (
				F1BF90E0FB09143E6128002D /* [CP] Check Pods Manifest.lock */,
				B3BD761222D3BD7100B9A9E9 /* Sources */,
				B3BD761322D3BD7100B9A9E9 /* Frameworks */,
				B3BD761422D3BD7100B9A9E9 /* Resources */,
				DC624AA5491779E8A74C06E2 /* [CP] Embed Pods Frameworks */,
			);
			buildRules = (
			);
			dependencies = (
			);
			name = HealthApp;
			productName = HealthApp;
			productReference = B3BD761622D3BD7100B9A9E9 /* HealthApp.app */;
			productType = "com.apple.product-type.application";
		};
/* End PBXNativeTarget section */

/* Begin PBXProject section */
		B3BD760E22D3BD7100B9A9E9 /* Project object */ = {
			isa = PBXProject;
			attributes = {
				LastSwiftUpdateCheck = 1020;
				LastUpgradeCheck = 1020;
				ORGANIZATIONNAME = "Moisés Córdova";
				TargetAttributes = {
					B3BD761522D3BD7100B9A9E9 = {
						CreatedOnToolsVersion = 10.2;
					};
				};
			};
			buildConfigurationList = B3BD761122D3BD7100B9A9E9 /* Build configuration list for PBXProject "HealthApp" */;
			compatibilityVersion = "Xcode 9.3";
			developmentRegion = en;
			hasScannedForEncodings = 0;
			knownRegions = (
				en,
				Base,
			);
			mainGroup = B3BD760D22D3BD7100B9A9E9;
			productRefGroup = B3BD761722D3BD7100B9A9E9 /* Products */;
			projectDirPath = "";
			projectRoot = "";
			targets = (
				B3BD761522D3BD7100B9A9E9 /* HealthApp */,
			);
		};
/* End PBXProject section */

/* Begin PBXResourcesBuildPhase section */
		B3BD761422D3BD7100B9A9E9 /* Resources */ = {
			isa = PBXResourcesBuildPhase;
			buildActionMask = 2147483647;
			files = (
				B3BD762422D3BD8600B9A9E9 /* LaunchScreen.storyboard in Resources */,
				B32B68E122E3E630005BE762 /* GoogleService-Info.plist in Resources */,
				B3BD762122D3BD8600B9A9E9 /* Assets.xcassets in Resources */,
				B3BD761F22D3BD7100B9A9E9 /* Main.storyboard in Resources */,
			);
			runOnlyForDeploymentPostprocessing = 0;
		};
/* End PBXResourcesBuildPhase section */

/* Begin PBXShellScriptBuildPhase section */
		DC624AA5491779E8A74C06E2 /* [CP] Embed Pods Frameworks */ = {
			isa = PBXShellScriptBuildPhase;
			buildActionMask = 2147483647;
			files = (
			);
			inputPaths = (
				"${SRCROOT}/Pods/Target Support Files/Pods-HealthApp/Pods-HealthApp-frameworks.sh",
				"${BUILT_PRODUCTS_DIR}/Charts/Charts.framework",
				"${BUILT_PRODUCTS_DIR}/FloatingPanel/FloatingPanel.framework",
				"${BUILT_PRODUCTS_DIR}/GTMSessionFetcher/GTMSessionFetcher.framework",
				"${BUILT_PRODUCTS_DIR}/GoogleUtilities/GoogleUtilities.framework",
				"${BUILT_PRODUCTS_DIR}/IQKeyboardManagerSwift/IQKeyboardManagerSwift.framework",
				"${BUILT_PRODUCTS_DIR}/JTAppleCalendar/JTAppleCalendar.framework",
				"${BUILT_PRODUCTS_DIR}/Realm/Realm.framework",
				"${BUILT_PRODUCTS_DIR}/RealmSwift/RealmSwift.framework",
				"${BUILT_PRODUCTS_DIR}/leveldb-library/leveldb.framework",
				"${BUILT_PRODUCTS_DIR}/nanopb/nanopb.framework",
			);
			name = "[CP] Embed Pods Frameworks";
			outputPaths = (
				"${TARGET_BUILD_DIR}/${FRAMEWORKS_FOLDER_PATH}/Charts.framework",
				"${TARGET_BUILD_DIR}/${FRAMEWORKS_FOLDER_PATH}/FloatingPanel.framework",
				"${TARGET_BUILD_DIR}/${FRAMEWORKS_FOLDER_PATH}/GTMSessionFetcher.framework",
				"${TARGET_BUILD_DIR}/${FRAMEWORKS_FOLDER_PATH}/GoogleUtilities.framework",
				"${TARGET_BUILD_DIR}/${FRAMEWORKS_FOLDER_PATH}/IQKeyboardManagerSwift.framework",
				"${TARGET_BUILD_DIR}/${FRAMEWORKS_FOLDER_PATH}/JTAppleCalendar.framework",
				"${TARGET_BUILD_DIR}/${FRAMEWORKS_FOLDER_PATH}/Realm.framework",
				"${TARGET_BUILD_DIR}/${FRAMEWORKS_FOLDER_PATH}/RealmSwift.framework",
				"${TARGET_BUILD_DIR}/${FRAMEWORKS_FOLDER_PATH}/leveldb.framework",
				"${TARGET_BUILD_DIR}/${FRAMEWORKS_FOLDER_PATH}/nanopb.framework",
			);
			runOnlyForDeploymentPostprocessing = 0;
			shellPath = /bin/sh;
			shellScript = "\"${SRCROOT}/Pods/Target Support Files/Pods-HealthApp/Pods-HealthApp-frameworks.sh\"\n";
			showEnvVarsInLog = 0;
		};
		F1BF90E0FB09143E6128002D /* [CP] Check Pods Manifest.lock */ = {
			isa = PBXShellScriptBuildPhase;
			buildActionMask = 2147483647;
			files = (
			);
			inputPaths = (
				"${PODS_PODFILE_DIR_PATH}/Podfile.lock",
				"${PODS_ROOT}/Manifest.lock",
			);
			name = "[CP] Check Pods Manifest.lock";
			outputPaths = (
				"$(DERIVED_FILE_DIR)/Pods-HealthApp-checkManifestLockResult.txt",
			);
			runOnlyForDeploymentPostprocessing = 0;
			shellPath = /bin/sh;
			shellScript = "diff \"${PODS_PODFILE_DIR_PATH}/Podfile.lock\" \"${PODS_ROOT}/Manifest.lock\" > /dev/null\nif [ $? != 0 ] ; then\n    # print error to STDERR\n    echo \"error: The sandbox is not in sync with the Podfile.lock. Run 'pod install' or update your CocoaPods installation.\" >&2\n    exit 1\nfi\n# This output is used by Xcode 'outputs' to avoid re-running this script phase.\necho \"SUCCESS\" > \"${SCRIPT_OUTPUT_FILE_0}\"\n";
			showEnvVarsInLog = 0;
		};
/* End PBXShellScriptBuildPhase section */

/* Begin PBXSourcesBuildPhase section */
		B3BD761222D3BD7100B9A9E9 /* Sources */ = {
			isa = PBXSourcesBuildPhase;
			buildActionMask = 2147483647;
			files = (
				B32B691D22E3EF95005BE762 /* DatabaseService.swift in Sources */,
				B3ECEB9C22D506D60070A5FE /* CalendarViewController.swift in Sources */,
				B32B690522E3EF95005BE762 /* Patient.swift in Sources */,
				B32B690822E3EF95005BE762 /* ProfileTableViewCell.swift in Sources */,
				B3BD762E22D3C62500B9A9E9 /* MainPageViewController.swift in Sources */,
				B32B690C22E3EF95005BE762 /* CardTableViewCell.swift in Sources */,
				B32B690D22E3EF95005BE762 /* ImageTableViewCell.swift in Sources */,
				B3BD763A22D3E93600B9A9E9 /* InfoTableViewCell.swift in Sources */,
				B32B690F22E3EF95005BE762 /* PickerTableViewCell.swift in Sources */,
				B32B691222E3EF95005BE762 /* CollectionViewTableViewCell.swift in Sources */,
				B32B691922E3EF95005BE762 /* TextFieldTableViewCell.swift in Sources */,
				B32B690E22E3EF95005BE762 /* AppointmentTableViewCell.swift in Sources */,
				B32B691A22E3EF95005BE762 /* AuthService.swift in Sources */,
				B32B691322E3EF95005BE762 /* IngredientTableViewCell.swift in Sources */,
				B341EE1522D432BD002F96BC /* MyPatientsViewController.swift in Sources */,
				B341EE1722D432D0002F96BC /* PatientTableViewCell.swift in Sources */,
				B32B691722E3EF95005BE762 /* AppointmentInformationTableViewCell.swift in Sources */,
				B32B691522E3EF95005BE762 /* DataCollectionViewCell.swift in Sources */,
				B3ECEBA222D508B20070A5FE /* AppointmentViewController.swift in Sources */,
				B32B691422E3EF95005BE762 /* ContactTableViewCell.swift in Sources */,
				B32B691122E3EF95005BE762 /* RecordMainTableViewCell.swift in Sources */,
				B32B691022E3EF95005BE762 /* DoctorProfileTableViewCell.swift in Sources */,
				B32B691B22E3EF95005BE762 /* HealthKitService.swift in Sources */,
				B32B692122E3F366005BE762 /* NoteTableViewCell.swift in Sources */,
				B3BD761C22D3BD7100B9A9E9 /* ViewController.swift in Sources */,
				B3BD763622D3D8BD00B9A9E9 /* InformationTableViewCell.swift in Sources */,
				B3BD763222D3C6D300B9A9E9 /* PatientCollectionViewCell.swift in Sources */,
				B32B690422E3EF95005BE762 /* Doctor.swift in Sources */,
				B32B68E622E3EF0F005BE762 /* LoginViewController.swift in Sources */,
				B32B690A22E3EF95005BE762 /* ButtonCardTableViewCell.swift in Sources */,
				B3F4361222D42F1E00036EEC /* BasicBigTableViewCell.swift in Sources */,
				B32B691822E3EF95005BE762 /* TableItemCardTableViewCell.swift in Sources */,
				B3BD763822D3E74B00B9A9E9 /* PatientProfileViewController.swift in Sources */,
				B32B68E522E3EF0F005BE762 /* RegisterViewController.swift in Sources */,
				B32B690922E3EF95005BE762 /* PlaceholderTableViewCell.swift in Sources */,
				B32B690622E3EF95005BE762 /* Appointment.swift in Sources */,
				B3BD762C22D3C4CC00B9A9E9 /* Util.swift in Sources */,
				B32B691622E3EF95005BE762 /* CloseTableViewCell.swift in Sources */,
				B3BD761A22D3BD7100B9A9E9 /* AppDelegate.swift in Sources */,
				B341EE1D22D43F8C002F96BC /* RecordViewController.swift in Sources */,
				B32B68E722E3EF0F005BE762 /* InitialViewController.swift in Sources */,
				B32B691C22E3EF95005BE762 /* HealthDataType.swift in Sources */,
				B3BD763422D3C71100B9A9E9 /* SecondaryTableViewCell.swift in Sources */,
				B3BD763022D3C69C00B9A9E9 /* MainTableViewCell.swift in Sources */,
				B3ECEB9F22D5077B0070A5FE /* CalendarDayCell.swift in Sources */,
			);
			runOnlyForDeploymentPostprocessing = 0;
		};
/* End PBXSourcesBuildPhase section */

/* Begin PBXVariantGroup section */
		B3BD761D22D3BD7100B9A9E9 /* Main.storyboard */ = {
			isa = PBXVariantGroup;
			children = (
				B3BD761E22D3BD7100B9A9E9 /* Base */,
			);
			name = Main.storyboard;
			sourceTree = "<group>";
		};
		B3BD762222D3BD8600B9A9E9 /* LaunchScreen.storyboard */ = {
			isa = PBXVariantGroup;
			children = (
				B3BD762322D3BD8600B9A9E9 /* Base */,
			);
			name = LaunchScreen.storyboard;
			sourceTree = "<group>";
		};
/* End PBXVariantGroup section */

/* Begin XCBuildConfiguration section */
		B3BD762622D3BD8600B9A9E9 /* Debug */ = {
			isa = XCBuildConfiguration;
			buildSettings = {
				ALWAYS_SEARCH_USER_PATHS = NO;
				CLANG_ANALYZER_NONNULL = YES;
				CLANG_ANALYZER_NUMBER_OBJECT_CONVERSION = YES_AGGRESSIVE;
				CLANG_CXX_LANGUAGE_STANDARD = "gnu++14";
				CLANG_CXX_LIBRARY = "libc++";
				CLANG_ENABLE_MODULES = YES;
				CLANG_ENABLE_OBJC_ARC = YES;
				CLANG_ENABLE_OBJC_WEAK = YES;
				CLANG_WARN_BLOCK_CAPTURE_AUTORELEASING = YES;
				CLANG_WARN_BOOL_CONVERSION = YES;
				CLANG_WARN_COMMA = YES;
				CLANG_WARN_CONSTANT_CONVERSION = YES;
				CLANG_WARN_DEPRECATED_OBJC_IMPLEMENTATIONS = YES;
				CLANG_WARN_DIRECT_OBJC_ISA_USAGE = YES_ERROR;
				CLANG_WARN_DOCUMENTATION_COMMENTS = YES;
				CLANG_WARN_EMPTY_BODY = YES;
				CLANG_WARN_ENUM_CONVERSION = YES;
				CLANG_WARN_INFINITE_RECURSION = YES;
				CLANG_WARN_INT_CONVERSION = YES;
				CLANG_WARN_NON_LITERAL_NULL_CONVERSION = YES;
				CLANG_WARN_OBJC_IMPLICIT_RETAIN_SELF = YES;
				CLANG_WARN_OBJC_LITERAL_CONVERSION = YES;
				CLANG_WARN_OBJC_ROOT_CLASS = YES_ERROR;
				CLANG_WARN_RANGE_LOOP_ANALYSIS = YES;
				CLANG_WARN_STRICT_PROTOTYPES = YES;
				CLANG_WARN_SUSPICIOUS_MOVE = YES;
				CLANG_WARN_UNGUARDED_AVAILABILITY = YES_AGGRESSIVE;
				CLANG_WARN_UNREACHABLE_CODE = YES;
				CLANG_WARN__DUPLICATE_METHOD_MATCH = YES;
				CODE_SIGN_IDENTITY = "iPhone Developer";
				COPY_PHASE_STRIP = NO;
				DEBUG_INFORMATION_FORMAT = dwarf;
				ENABLE_STRICT_OBJC_MSGSEND = YES;
				ENABLE_TESTABILITY = YES;
				GCC_C_LANGUAGE_STANDARD = gnu11;
				GCC_DYNAMIC_NO_PIC = NO;
				GCC_NO_COMMON_BLOCKS = YES;
				GCC_OPTIMIZATION_LEVEL = 0;
				GCC_PREPROCESSOR_DEFINITIONS = (
					"DEBUG=1",
					"$(inherited)",
				);
				GCC_WARN_64_TO_32_BIT_CONVERSION = YES;
				GCC_WARN_ABOUT_RETURN_TYPE = YES_ERROR;
				GCC_WARN_UNDECLARED_SELECTOR = YES;
				GCC_WARN_UNINITIALIZED_AUTOS = YES_AGGRESSIVE;
				GCC_WARN_UNUSED_FUNCTION = YES;
				GCC_WARN_UNUSED_VARIABLE = YES;
				IPHONEOS_DEPLOYMENT_TARGET = 12.2;
				MTL_ENABLE_DEBUG_INFO = INCLUDE_SOURCE;
				MTL_FAST_MATH = YES;
				ONLY_ACTIVE_ARCH = YES;
				SDKROOT = iphoneos;
				SWIFT_ACTIVE_COMPILATION_CONDITIONS = DEBUG;
				SWIFT_OPTIMIZATION_LEVEL = "-Onone";
			};
			name = Debug;
		};
		B3BD762722D3BD8600B9A9E9 /* Release */ = {
			isa = XCBuildConfiguration;
			buildSettings = {
				ALWAYS_SEARCH_USER_PATHS = NO;
				CLANG_ANALYZER_NONNULL = YES;
				CLANG_ANALYZER_NUMBER_OBJECT_CONVERSION = YES_AGGRESSIVE;
				CLANG_CXX_LANGUAGE_STANDARD = "gnu++14";
				CLANG_CXX_LIBRARY = "libc++";
				CLANG_ENABLE_MODULES = YES;
				CLANG_ENABLE_OBJC_ARC = YES;
				CLANG_ENABLE_OBJC_WEAK = YES;
				CLANG_WARN_BLOCK_CAPTURE_AUTORELEASING = YES;
				CLANG_WARN_BOOL_CONVERSION = YES;
				CLANG_WARN_COMMA = YES;
				CLANG_WARN_CONSTANT_CONVERSION = YES;
				CLANG_WARN_DEPRECATED_OBJC_IMPLEMENTATIONS = YES;
				CLANG_WARN_DIRECT_OBJC_ISA_USAGE = YES_ERROR;
				CLANG_WARN_DOCUMENTATION_COMMENTS = YES;
				CLANG_WARN_EMPTY_BODY = YES;
				CLANG_WARN_ENUM_CONVERSION = YES;
				CLANG_WARN_INFINITE_RECURSION = YES;
				CLANG_WARN_INT_CONVERSION = YES;
				CLANG_WARN_NON_LITERAL_NULL_CONVERSION = YES;
				CLANG_WARN_OBJC_IMPLICIT_RETAIN_SELF = YES;
				CLANG_WARN_OBJC_LITERAL_CONVERSION = YES;
				CLANG_WARN_OBJC_ROOT_CLASS = YES_ERROR;
				CLANG_WARN_RANGE_LOOP_ANALYSIS = YES;
				CLANG_WARN_STRICT_PROTOTYPES = YES;
				CLANG_WARN_SUSPICIOUS_MOVE = YES;
				CLANG_WARN_UNGUARDED_AVAILABILITY = YES_AGGRESSIVE;
				CLANG_WARN_UNREACHABLE_CODE = YES;
				CLANG_WARN__DUPLICATE_METHOD_MATCH = YES;
				CODE_SIGN_IDENTITY = "iPhone Developer";
				COPY_PHASE_STRIP = NO;
				DEBUG_INFORMATION_FORMAT = "dwarf-with-dsym";
				ENABLE_NS_ASSERTIONS = NO;
				ENABLE_STRICT_OBJC_MSGSEND = YES;
				GCC_C_LANGUAGE_STANDARD = gnu11;
				GCC_NO_COMMON_BLOCKS = YES;
				GCC_WARN_64_TO_32_BIT_CONVERSION = YES;
				GCC_WARN_ABOUT_RETURN_TYPE = YES_ERROR;
				GCC_WARN_UNDECLARED_SELECTOR = YES;
				GCC_WARN_UNINITIALIZED_AUTOS = YES_AGGRESSIVE;
				GCC_WARN_UNUSED_FUNCTION = YES;
				GCC_WARN_UNUSED_VARIABLE = YES;
				IPHONEOS_DEPLOYMENT_TARGET = 12.2;
				MTL_ENABLE_DEBUG_INFO = NO;
				MTL_FAST_MATH = YES;
				SDKROOT = iphoneos;
				SWIFT_COMPILATION_MODE = wholemodule;
				SWIFT_OPTIMIZATION_LEVEL = "-O";
				VALIDATE_PRODUCT = YES;
			};
			name = Release;
		};
		B3BD762922D3BD8600B9A9E9 /* Debug */ = {
			isa = XCBuildConfiguration;
			baseConfigurationReference = B7A3377A0B4C8B4C1B16530C /* Pods-HealthApp.debug.xcconfig */;
			buildSettings = {
				ASSETCATALOG_COMPILER_APPICON_NAME = AppIcon;
				CODE_SIGN_STYLE = Automatic;
				DEVELOPMENT_TEAM = R27L3GB44P;
				INFOPLIST_FILE = HealthApp/Info.plist;
				IPHONEOS_DEPLOYMENT_TARGET = 12.0;
				LD_RUNPATH_SEARCH_PATHS = (
					"$(inherited)",
					"@executable_path/Frameworks",
				);
				PRODUCT_BUNDLE_IDENTIFIER = com.moisesCordova.HealthAppDoctor;
				PRODUCT_NAME = "$(TARGET_NAME)";
				SWIFT_VERSION = 5.0;
				TARGETED_DEVICE_FAMILY = "1,2";
			};
			name = Debug;
		};
		B3BD762A22D3BD8600B9A9E9 /* Release */ = {
			isa = XCBuildConfiguration;
			baseConfigurationReference = 126C07DDDCCE2DD740B00D61 /* Pods-HealthApp.release.xcconfig */;
			buildSettings = {
				ASSETCATALOG_COMPILER_APPICON_NAME = AppIcon;
				CODE_SIGN_STYLE = Automatic;
				DEVELOPMENT_TEAM = R27L3GB44P;
				INFOPLIST_FILE = HealthApp/Info.plist;
				IPHONEOS_DEPLOYMENT_TARGET = 12.0;
				LD_RUNPATH_SEARCH_PATHS = (
					"$(inherited)",
					"@executable_path/Frameworks",
				);
				PRODUCT_BUNDLE_IDENTIFIER = com.moisesCordova.HealthAppDoctor;
				PRODUCT_NAME = "$(TARGET_NAME)";
				SWIFT_VERSION = 5.0;
				TARGETED_DEVICE_FAMILY = "1,2";
			};
			name = Release;
		};
/* End XCBuildConfiguration section */

/* Begin XCConfigurationList section */
		B3BD761122D3BD7100B9A9E9 /* Build configuration list for PBXProject "HealthApp" */ = {
			isa = XCConfigurationList;
			buildConfigurations = (
				B3BD762622D3BD8600B9A9E9 /* Debug */,
				B3BD762722D3BD8600B9A9E9 /* Release */,
			);
			defaultConfigurationIsVisible = 0;
			defaultConfigurationName = Release;
		};
		B3BD762822D3BD8600B9A9E9 /* Build configuration list for PBXNativeTarget "HealthApp" */ = {
			isa = XCConfigurationList;
			buildConfigurations = (
				B3BD762922D3BD8600B9A9E9 /* Debug */,
				B3BD762A22D3BD8600B9A9E9 /* Release */,
			);
			defaultConfigurationIsVisible = 0;
			defaultConfigurationName = Release;
		};
/* End XCConfigurationList section */
	};
	rootObject = B3BD760E22D3BD7100B9A9E9 /* Project object */;
}
